
Microsoft Visual Studio Solution File, Format Version 12.00
# Visual Studio Version 16
VisualStudioVersion = 16.0.30621.155
MinimumVisualStudioVersion = 10.0.40219.1
Project("{FAE04EC0-301F-11D3-BF4B-00C04F79EFBC}") = "01_KomodoCafe_Console", "01_KomodoCafe_Console\01_KomodoCafe_Console.csproj", "{4AA77042-4755-4312-9C4F-7053C5443795}"
EndProject
Project("{FAE04EC0-301F-11D3-BF4B-00C04F79EFBC}") = "01_KomodoCafe_Repository", "01_KomodoCafe_Repository\01_KomodoCafe_Repository.csproj", "{E6A701E4-13A2-46BF-A8B0-49059396099A}"
EndProject
Project("{FAE04EC0-301F-11D3-BF4B-00C04F79EFBC}") = "01_KomodoCafe_Tests", "01_KomodoCafe_Tests\01_KomodoCafe_Tests.csproj", "{841ED134-3628-45C8-A77F-70DDB78A0E52}"
EndProject
Project("{FAE04EC0-301F-11D3-BF4B-00C04F79EFBC}") = "02_KomodoClaims_Console", "02_KomodoClaims_Console\02_KomodoClaims_Console.csproj", "{F7E8760A-30E3-4985-8C66-D93F22D51B84}"
EndProject
Project("{FAE04EC0-301F-11D3-BF4B-00C04F79EFBC}") = "02_KomodoClaims_Repository", "02_KomodoClaims_Repository\02_KomodoClaims_Repository.csproj", "{A90CED43-F4FA-4922-997D-ED864514A5A9}"
EndProject
Project("{FAE04EC0-301F-11D3-BF4B-00C04F79EFBC}") = "02_KomodoClaims_Tests", "02_KomodoClaims_Tests\02_KomodoClaims_Tests.csproj", "{2DF70B17-87B8-4E16-B1D2-4D0ED4C2D562}"
EndProject
Project("{FAE04EC0-301F-11D3-BF4B-00C04F79EFBC}") = "03_KomodoInsurance_Console", "03_KomodoInsurance_Console\03_KomodoInsurance_Console.csproj", "{1CFF3F22-DF3A-479C-9770-9033C3C85F95}"
EndProject
Project("{FAE04EC0-301F-11D3-BF4B-00C04F79EFBC}") = "03_KomodoInsurance_Repository", "03_KomodoInsurance_Repository\03_KomodoInsurance_Repository.csproj", "{CD2D61E6-F45A-40DF-A69C-8669360E70EE}"
EndProject
Project("{FAE04EC0-301F-11D3-BF4B-00C04F79EFBC}") = "03_KomodoInsurance_Tests", "03_KomodoInsurance_Tests\03_KomodoInsurance_Tests.csproj", "{CE15C9EE-0351-40E6-8769-79C1C7282B03}"
EndProject
Global
	GlobalSection(SolutionConfigurationPlatforms) = preSolution
		Debug|Any CPU = Debug|Any CPU
		Release|Any CPU = Release|Any CPU
	EndGlobalSection
	GlobalSection(ProjectConfigurationPlatforms) = postSolution
		{4AA77042-4755-4312-9C4F-7053C5443795}.Debug|Any CPU.ActiveCfg = Debug|Any CPU
		{4AA77042-4755-4312-9C4F-7053C5443795}.Debug|Any CPU.Build.0 = Debug|Any CPU
		{4AA77042-4755-4312-9C4F-7053C5443795}.Release|Any CPU.ActiveCfg = Release|Any CPU
		{4AA77042-4755-4312-9C4F-7053C5443795}.Release|Any CPU.Build.0 = Release|Any CPU
		{E6A701E4-13A2-46BF-A8B0-49059396099A}.Debug|Any CPU.ActiveCfg = Debug|Any CPU
		{E6A701E4-13A2-46BF-A8B0-49059396099A}.Debug|Any CPU.Build.0 = Debug|Any CPU
		{E6A701E4-13A2-46BF-A8B0-49059396099A}.Release|Any CPU.ActiveCfg = Release|Any CPU
		{E6A701E4-13A2-46BF-A8B0-49059396099A}.Release|Any CPU.Build.0 = Release|Any CPU
		{841ED134-3628-45C8-A77F-70DDB78A0E52}.Debug|Any CPU.ActiveCfg = Debug|Any CPU
		{841ED134-3628-45C8-A77F-70DDB78A0E52}.Debug|Any CPU.Build.0 = Debug|Any CPU
		{841ED134-3628-45C8-A77F-70DDB78A0E52}.Release|Any CPU.ActiveCfg = Release|Any CPU
		{841ED134-3628-45C8-A77F-70DDB78A0E52}.Release|Any CPU.Build.0 = Release|Any CPU
		{F7E8760A-30E3-4985-8C66-D93F22D51B84}.Debug|Any CPU.ActiveCfg = Debug|Any CPU
		{F7E8760A-30E3-4985-8C66-D93F22D51B84}.Debug|Any CPU.Build.0 = Debug|Any CPU
		{F7E8760A-30E3-4985-8C66-D93F22D51B84}.Release|Any CPU.ActiveCfg = Release|Any CPU
		{F7E8760A-30E3-4985-8C66-D93F22D51B84}.Release|Any CPU.Build.0 = Release|Any CPU
		{A90CED43-F4FA-4922-997D-ED864514A5A9}.Debug|Any CPU.ActiveCfg = Debug|Any CPU
		{A90CED43-F4FA-4922-997D-ED864514A5A9}.Debug|Any CPU.Build.0 = Debug|Any CPU
		{A90CED43-F4FA-4922-997D-ED864514A5A9}.Release|Any CPU.ActiveCfg = Release|Any CPU
		{A90CED43-F4FA-4922-997D-ED864514A5A9}.Release|Any CPU.Build.0 = Release|Any CPU
		{2DF70B17-87B8-4E16-B1D2-4D0ED4C2D562}.Debug|Any CPU.ActiveCfg = Debug|Any CPU
		{2DF70B17-87B8-4E16-B1D2-4D0ED4C2D562}.Debug|Any CPU.Build.0 = Debug|Any CPU
		{2DF70B17-87B8-4E16-B1D2-4D0ED4C2D562}.Release|Any CPU.ActiveCfg = Release|Any CPU
		{2DF70B17-87B8-4E16-B1D2-4D0ED4C2D562}.Release|Any CPU.Build.0 = Release|Any CPU
		{1CFF3F22-DF3A-479C-9770-9033C3C85F95}.Debug|Any CPU.ActiveCfg = Debug|Any CPU
		{1CFF3F22-DF3A-479C-9770-9033C3C85F95}.Debug|Any CPU.Build.0 = Debug|Any CPU
		{1CFF3F22-DF3A-479C-9770-9033C3C85F95}.Release|Any CPU.ActiveCfg = Release|Any CPU
		{1CFF3F22-DF3A-479C-9770-9033C3C85F95}.Release|Any CPU.Build.0 = Release|Any CPU
		{CD2D61E6-F45A-40DF-A69C-8669360E70EE}.Debug|Any CPU.ActiveCfg = Debug|Any CPU
		{CD2D61E6-F45A-40DF-A69C-8669360E70EE}.Debug|Any CPU.Build.0 = Debug|Any CPU
		{CD2D61E6-F45A-40DF-A69C-8669360E70EE}.Release|Any CPU.ActiveCfg = Release|Any CPU
		{CD2D61E6-F45A-40DF-A69C-8669360E70EE}.Release|Any CPU.Build.0 = Release|Any CPU
		{CE15C9EE-0351-40E6-8769-79C1C7282B03}.Debug|Any CPU.ActiveCfg = Debug|Any CPU
		{CE15C9EE-0351-40E6-8769-79C1C7282B03}.Debug|Any CPU.Build.0 = Debug|Any CPU
		{CE15C9EE-0351-40E6-8769-79C1C7282B03}.Release|Any CPU.ActiveCfg = Release|Any CPU
		{CE15C9EE-0351-40E6-8769-79C1C7282B03}.Release|Any CPU.Build.0 = Release|Any CPU
	EndGlobalSection
	GlobalSection(SolutionProperties) = preSolution
		HideSolutionNode = FALSE
	EndGlobalSection
	GlobalSection(ExtensibilityGlobals) = postSolution
		SolutionGuid = {549ADAD2-6C9F-44F4-BD27-0A3DAAA1B975}
	EndGlobalSection
EndGlobal
